
Microsoft Visual Studio Solution File, Format Version 12.00
# Visual Studio Version 16
VisualStudioVersion = 16.0.31229.75
MinimumVisualStudioVersion = 10.0.40219.1
Project("{FAE04EC0-301F-11D3-BF4B-00C04F79EFBC}") = "SimpleCMS", "SimpleCMS\SimpleCMS.csproj", "{41AB7B9B-A7A7-4A67-B094-1D2A36681F23}"
EndProject
Project("{FAE04EC0-301F-11D3-BF4B-00C04F79EFBC}") = "SimpleCMS.DataLayer", "SimpleCMS.DataLayer\SimpleCMS.DataLayer.csproj", "{4EA803E4-9B7C-4F35-A5B7-D8860B9DAD07}"
EndProject
Global
	GlobalSection(SolutionConfigurationPlatforms) = preSolution
		Debug|Any CPU = Debug|Any CPU
		Release|Any CPU = Release|Any CPU
	EndGlobalSection
	GlobalSection(ProjectConfigurationPlatforms) = postSolution
		{41AB7B9B-A7A7-4A67-B094-1D2A36681F23}.Debug|Any CPU.ActiveCfg = Debug|Any CPU
		{41AB7B9B-A7A7-4A67-B094-1D2A36681F23}.Debug|Any CPU.Build.0 = Debug|Any CPU
		{41AB7B9B-A7A7-4A67-B094-1D2A36681F23}.Release|Any CPU.ActiveCfg = Release|Any CPU
		{41AB7B9B-A7A7-4A67-B094-1D2A36681F23}.Release|Any CPU.Build.0 = Release|Any CPU
		{4EA803E4-9B7C-4F35-A5B7-D8860B9DAD07}.Debug|Any CPU.ActiveCfg = Debug|Any CPU
		{4EA803E4-9B7C-4F35-A5B7-D8860B9DAD07}.Debug|Any CPU.Build.0 = Debug|Any CPU
		{4EA803E4-9B7C-4F35-A5B7-D8860B9DAD07}.Release|Any CPU.ActiveCfg = Release|Any CPU
		{4EA803E4-9B7C-4F35-A5B7-D8860B9DAD07}.Release|Any CPU.Build.0 = Release|Any CPU
	EndGlobalSection
	GlobalSection(SolutionProperties) = preSolution
		HideSolutionNode = FALSE
	EndGlobalSection
	GlobalSection(ExtensibilityGlobals) = postSolution
		SolutionGuid = {0B1036ED-7C10-4EE7-ADB1-23ABBDBB8FE6}
	EndGlobalSection
EndGlobal
